
Microsoft Visual Studio Solution File, Format Version 12.00
# Visual Studio Version 17
VisualStudioVersion = 17.13.35806.99 d17.13
MinimumVisualStudioVersion = 10.0.40219.1
Project("{FAE04EC0-301F-11D3-BF4B-00C04F79EFBC}") = "StaticWebsite", "StaticWebsite.csproj", "{BFC50ED1-53A7-40ED-8350-E7CBA1C9CB0E}"
EndProject
Global
	GlobalSection(SolutionConfigurationPlatforms) = preSolution
		Debug|Any CPU = Debug|Any CPU
		Release|Any CPU = Release|Any CPU
	EndGlobalSection
	GlobalSection(ProjectConfigurationPlatforms) = postSolution
		{BFC50ED1-53A7-40ED-8350-E7CBA1C9CB0E}.Debug|Any CPU.ActiveCfg = Debug|Any CPU
		{BFC50ED1-53A7-40ED-8350-E7CBA1C9CB0E}.Debug|Any CPU.Build.0 = Debug|Any CPU
		{BFC50ED1-53A7-40ED-8350-E7CBA1C9CB0E}.Release|Any CPU.ActiveCfg = Release|Any CPU
		{BFC50ED1-53A7-40ED-8350-E7CBA1C9CB0E}.Release|Any CPU.Build.0 = Release|Any CPU
	EndGlobalSection
	GlobalSection(SolutionProperties) = preSolution
		HideSolutionNode = FALSE
	EndGlobalSection
	GlobalSection(ExtensibilityGlobals) = postSolution
		SolutionGuid = {6419F9D7-D4E2-49AE-8428-8E74ABB3A913}
	EndGlobalSection
EndGlobal
